
Microsoft Visual Studio Solution File, Format Version 12.00
# Visual Studio Version 16
VisualStudioVersion = 16.0.33529.622
MinimumVisualStudioVersion = 10.0.40219.1
Project("{FAE04EC0-301F-11D3-BF4B-00C04F79EFBC}") = "Praktika2011", "Praktika2011\Praktika2011.csproj", "{4A5BB08A-4734-42F5-AD90-AACDAD1D326B}"
EndProject
Global
	GlobalSection(SolutionConfigurationPlatforms) = preSolution
		Debug|Any CPU = Debug|Any CPU
		Release|Any CPU = Release|Any CPU
	EndGlobalSection
	GlobalSection(ProjectConfigurationPlatforms) = postSolution
		{4A5BB08A-4734-42F5-AD90-AACDAD1D326B}.Debug|Any CPU.ActiveCfg = Debug|Any CPU
		{4A5BB08A-4734-42F5-AD90-AACDAD1D326B}.Debug|Any CPU.Build.0 = Debug|Any CPU
		{4A5BB08A-4734-42F5-AD90-AACDAD1D326B}.Release|Any CPU.ActiveCfg = Release|Any CPU
		{4A5BB08A-4734-42F5-AD90-AACDAD1D326B}.Release|Any CPU.Build.0 = Release|Any CPU
	EndGlobalSection
	GlobalSection(SolutionProperties) = preSolution
		HideSolutionNode = FALSE
	EndGlobalSection
	GlobalSection(ExtensibilityGlobals) = postSolution
		SolutionGuid = {7FA8BDE2-2663-4C2C-B73C-2948EBE13AAB}
	EndGlobalSection
EndGlobal
